<?xml version="1.0" encoding="utf-8"?>
<Project ToolsVersion="4.0" xmlns="http://schemas.microsoft.com/developer/msbuild/2003">
  <ItemGroup>
    <ClCompile Include="view\view.cpp" />
    <ClCompile Include="view\style.cpp" />
    <ClCompile Include="window\null_function.cpp" />
    <ClCompile Include="font\font.cpp" />
    <ClCompile Include="text\text.cpp" />
  </ItemGroup>
  <ItemGroup>
    <ClInclude Include="include\cxxgui\view.hpp" />
    <ClInclude Include="include\cxxgui\cxxgui.hpp" />
    <ClInclude Include="include\cxxgui\style.hpp" />
    <ClInclude Include="include\cxxgui\text.hpp" />
    <ClInclude Include="include\cxxgui\font.hpp" />
    <ClInclude Include="include\cxxgui\window.hpp" />
  </ItemGroup>
</Project>