<?xml version="1.0" encoding="utf-8"?>
<Project ToolsVersion="4.0" xmlns="http://schemas.microsoft.com/developer/msbuild/2003">
  <ItemGroup>
    <ClCompile Include="view\view.cpp" />
    <ClCompile Include="window\null_function.cpp" />
    <ClCompile Include="font\font.cpp" />
    <ClCompile Include="text\text.cpp" />
    <ClCompile Include="window\window_render.cpp" />
    <ClCompile Include="settings\windows.cpp" />
    <ClCompile Include="settings\others.cpp" />
    <ClCompile Include="color\color-scheme.cpp" />
    <ClCompile Include="image\image.cpp" />
    <ClCompile Include="symbols\symbol_renderer.cpp" />
    <ClCompile Include="symbols\ui_base.cpp" />
    <ClCompile Include="symbols\math.cpp" />
    <ClCompile Include="symbols\media_controls.cpp" />
    <ClCompile Include="symbols\other.cpp" />
    <ClCompile Include="symbols\ui_input.cpp" />
  </ItemGroup>
  <ItemGroup>
    <ClInclude Include="include\cxxgui\view.hpp" />
    <ClInclude Include="include\cxxgui\cxxgui.hpp" />
    <ClInclude Include="include\cxxgui\style.hpp" />
    <ClInclude Include="include\cxxgui\text.hpp" />
    <ClInclude Include="include\cxxgui\font.hpp" />
    <ClInclude Include="include\cxxgui\window.hpp" />
    <ClInclude Include="include\cxxgui\settings.hpp" />
    <ClInclude Include="include\cxxgui\color.hpp" />
    <ClInclude Include="include\cxxgui\image.hpp" />
    <ClInclude Include="include\cxxgui\input.hpp" />
    <ClInclude Include="include\cxxgui\symbols.hpp" />
    <ClInclude Include="include\cxxgui\symbols_list.hpp" />
    <ClInclude Include="include\cxxgui\animation.hpp" />
  </ItemGroup>
</Project>